
Microsoft Visual Studio Solution File, Format Version 12.00
# Visual Studio Version 16
VisualStudioVersion = 16.0.30413.136
MinimumVisualStudioVersion = 10.0.40219.1
Project("{FAE04EC0-301F-11D3-BF4B-00C04F79EFBC}") = "Version_Control_Plugin", "Version_Control_Plugin\Version_Control_Plugin.csproj", "{AFB28519-5779-4E4C-9658-57D8C403F12C}"
EndProject
Global
	GlobalSection(SolutionConfigurationPlatforms) = preSolution
		Debug|Any CPU = Debug|Any CPU
		Release|Any CPU = Release|Any CPU
	EndGlobalSection
	GlobalSection(ProjectConfigurationPlatforms) = postSolution
		{AFB28519-5779-4E4C-9658-57D8C403F12C}.Debug|Any CPU.ActiveCfg = Debug|Any CPU
		{AFB28519-5779-4E4C-9658-57D8C403F12C}.Debug|Any CPU.Build.0 = Debug|Any CPU
		{AFB28519-5779-4E4C-9658-57D8C403F12C}.Release|Any CPU.ActiveCfg = Release|Any CPU
		{AFB28519-5779-4E4C-9658-57D8C403F12C}.Release|Any CPU.Build.0 = Release|Any CPU
	EndGlobalSection
	GlobalSection(SolutionProperties) = preSolution
		HideSolutionNode = FALSE
	EndGlobalSection
	GlobalSection(ExtensibilityGlobals) = postSolution
		SolutionGuid = {F06D42CB-D4A3-4DF5-8372-08E8C0D431B3}
	EndGlobalSection
EndGlobal
